{
  "name": "code-sessions",
  "version": "1.0.0",
  "lockfileVersion": 3,
  "requires": true,
  "packages": {
    "": {
      "name": "code-sessions",
      "version": "1.0.0",
      "license": "MIT",
      "dependencies": {
        "node-sqlite3-wasm": "^0.8.57",
        "umap-js": "^1.4.0"
      },
      "devDependencies": {
        "@types/node": "^20.0.0",
        "@types/vscode": "^1.90.0",
        "typescript": "^5.4.0"
      },
      "engines": {
        "vscode": "^1.90.0"
      }
    },
    "node_modules/@types/node": {
      "version": "20.19.41",
      "resolved": "https://registry.npmjs.org/@types/node/-/node-20.19.41.tgz",
      "integrity": "sha512-ECymXOukMnOoVkC2bb1Vc/w/836DXncOg5m8Xj1RH7xSHZJWNYY6Zh7EH477vcnD5egKNNfy2RpNOmuChhFPgQ==",
      "dev": true,
      "license": "MIT",
      "dependencies": {
        "undici-types": "~6.21.0"
      }
    },
    "node_modules/@types/vscode": {
      "version": "1.120.0",
      "resolved": "https://registry.npmjs.org/@types/vscode/-/vscode-1.120.0.tgz",
      "integrity": "sha512-feaT4Rst+FkTch5zz/ZbNCxoIvo55YU80Be2kiL7OJcod4+CUYf2lUBPdIJzozNnSEMq1VRTGrWEcCGFB3fBmA==",
      "dev": true,
      "license": "MIT"
    },
    "node_modules/is-any-array": {
      "version": "0.1.1",
      "resolved": "https://registry.npmjs.org/is-any-array/-/is-any-array-0.1.1.tgz",
      "integrity": "sha512-qTiELO+kpTKqPgxPYbshMERlzaFu29JDnpB8s3bjg+JkxBpw29/qqSaOdKv2pCdaG92rLGeG/zG2GauX58hfoA==",
      "license": "MIT"
    },
    "node_modules/ml-array-max": {
      "version": "2.0.0",
      "resolved": "https://registry.npmjs.org/ml-array-max/-/ml-array-max-2.0.0.tgz",
      "integrity": "sha512-QQZ4kENwpWmyNb98UXRDFXrmtIXuXtt1+bSbda/2KA85+F+rrJP8hZk6QOkCQXM2Th9mUDYdq/PNByPdT9ID4A==",
      "license": "MIT",
      "dependencies": {
        "is-any-array": "^3.0.0"
      }
    },
    "node_modules/ml-array-max/node_modules/is-any-array": {
      "version": "3.0.0",
      "resolved": "https://registry.npmjs.org/is-any-array/-/is-any-array-3.0.0.tgz",
      "integrity": "sha512-o4h+tylWykC4BD1vaejp6gDxoM13bwW8FGuNs4yIKpj8xbBJcRxJx8vZpq0dCr7ZDEfeKjmsi/euolKhX6f/ww==",
      "license": "MIT"
    },
    "node_modules/ml-array-min": {
      "version": "2.0.0",
      "resolved": "https://registry.npmjs.org/ml-array-min/-/ml-array-min-2.0.0.tgz",
      "integrity": "sha512-GRj6Ky6sW9vGL6yIjgsHmXZ9YgrdmcQ8nCxPqEGeKc6dkfYg1XDYxGFxADUjNuZyoCd5PUscWAS4N+cFaX6hFg==",
      "license": "MIT",
      "dependencies": {
        "is-any-array": "^3.0.0"
      }
    },
    "node_modules/ml-array-min/node_modules/is-any-array": {
      "version": "3.0.0",
      "resolved": "https://registry.npmjs.org/is-any-array/-/is-any-array-3.0.0.tgz",
      "integrity": "sha512-o4h+tylWykC4BD1vaejp6gDxoM13bwW8FGuNs4yIKpj8xbBJcRxJx8vZpq0dCr7ZDEfeKjmsi/euolKhX6f/ww==",
      "license": "MIT"
    },
    "node_modules/ml-array-rescale": {
      "version": "2.0.0",
      "resolved": "https://registry.npmjs.org/ml-array-rescale/-/ml-array-rescale-2.0.0.tgz",
      "integrity": "sha512-2GGtKfSno94/kIloWGvpp/U5Q5vLvLrza+SAaGsLeo6Xj4mEbA6Gqx+oTfZFkxnd1grT2X007HfJNs3T5BsiVg==",
      "license": "MIT",
      "dependencies": {
        "is-any-array": "^3.0.0",
        "ml-array-max": "^2.0.0",
        "ml-array-min": "^2.0.0"
      }
    },
    "node_modules/ml-array-rescale/node_modules/is-any-array": {
      "version": "3.0.0",
      "resolved": "https://registry.npmjs.org/is-any-array/-/is-any-array-3.0.0.tgz",
      "integrity": "sha512-o4h+tylWykC4BD1vaejp6gDxoM13bwW8FGuNs4yIKpj8xbBJcRxJx8vZpq0dCr7ZDEfeKjmsi/euolKhX6f/ww==",
      "license": "MIT"
    },
    "node_modules/ml-levenberg-marquardt": {
      "version": "2.1.1",
      "resolved": "https://registry.npmjs.org/ml-levenberg-marquardt/-/ml-levenberg-marquardt-2.1.1.tgz",
      "integrity": "sha512-2+HwUqew4qFFFYujYlQtmFUrxCB4iJAPqnUYro3P831wj70eJZcANwcRaIMGUVaH9NDKzfYuA4N5u67KExmaRA==",
      "license": "MIT",
      "dependencies": {
        "is-any-array": "^0.1.0",
        "ml-matrix": "^6.4.1"
      }
    },
    "node_modules/ml-matrix": {
      "version": "6.12.2",
      "resolved": "https://registry.npmjs.org/ml-matrix/-/ml-matrix-6.12.2.tgz",
      "integrity": "sha512-GC+BnW+pBh8Auap8goAxY0senAmF0IEoc3HNVSfnfbvGw0buuDIYb9kAKMS1l+GiwJ1rfK2bzJ8IHhwjzATSFA==",
      "license": "MIT",
      "dependencies": {
        "is-any-array": "^3.0.0",
        "ml-array-rescale": "^2.0.0"
      }
    },
    "node_modules/ml-matrix/node_modules/is-any-array": {
      "version": "3.0.0",
      "resolved": "https://registry.npmjs.org/is-any-array/-/is-any-array-3.0.0.tgz",
      "integrity": "sha512-o4h+tylWykC4BD1vaejp6gDxoM13bwW8FGuNs4yIKpj8xbBJcRxJx8vZpq0dCr7ZDEfeKjmsi/euolKhX6f/ww==",
      "license": "MIT"
    },
    "node_modules/node-sqlite3-wasm": {
      "version": "0.8.57",
      "resolved": "https://registry.npmjs.org/node-sqlite3-wasm/-/node-sqlite3-wasm-0.8.57.tgz",
      "integrity": "sha512-9sME3Agp6vqevHVgMvCV4PMsoTHjuwxjhiooNMiMjjPO3Ea3QbmyAbZn2H9Ko1rkTi2Oo8skv9Y3HvS+rSMcMA==",
      "license": "MIT"
    },
    "node_modules/typescript": {
      "version": "5.9.3",
      "resolved": "https://registry.npmjs.org/typescript/-/typescript-5.9.3.tgz",
      "integrity": "sha512-jl1vZzPDinLr9eUt3J/t7V6FgNEw9QjvBPdysz9KfQDD41fQrC2Y4vKQdiaUpFT4bXlb1RHhLpp8wtm6M5TgSw==",
      "dev": true,
      "license": "Apache-2.0",
      "bin": {
        "tsc": "bin/tsc",
        "tsserver": "bin/tsserver"
      },
      "engines": {
        "node": ">=14.17"
      }
    },
    "node_modules/umap-js": {
      "version": "1.4.0",
      "resolved": "https://registry.npmjs.org/umap-js/-/umap-js-1.4.0.tgz",
      "integrity": "sha512-xxpviF9wUO6Nxrx+C58SoDgea+h2PnVaRPKDelWv0HotmY6BeWeh0kAPJoumfqUkzUvowGsYfMbnsWI0b9do+A==",
      "license": "MIT",
      "dependencies": {
        "ml-levenberg-marquardt": "^2.0.0"
      }
    },
    "node_modules/undici-types": {
      "version": "6.21.0",
      "resolved": "https://registry.npmjs.org/undici-types/-/undici-types-6.21.0.tgz",
      "integrity": "sha512-iwDZqg0QAGrg9Rav5H4n0M64c3mkR59cJ6wQp+7C4nI0gsmExaedaYLNO44eT4AtBBwjbTiGPMlt2Md0T9H9JQ==",
      "dev": true,
      "license": "MIT"
    }
  }
}
